
Microsoft Visual Studio Solution File, Format Version 12.00
# Visual Studio Version 16
VisualStudioVersion = 16.0.31313.79
MinimumVisualStudioVersion = 10.0.40219.1
Project("{FAE04EC0-301F-11D3-BF4B-00C04F79EFBC}") = "FrmPrincipal", "FrmPrincipal\FrmPrincipal.csproj", "{4922644D-10C4-443B-8499-4D694F79BC3C}"
EndProject
Project("{FAE04EC0-301F-11D3-BF4B-00C04F79EFBC}") = "Entities.Computers", "Entidades\Entities.Computers.csproj", "{BCCC2F4A-64E9-40EB-B325-58B7A82DD100}"
EndProject
Project("{FAE04EC0-301F-11D3-BF4B-00C04F79EFBC}") = "Procedure", "Procedure\Procedure.csproj", "{DFDB5C82-7019-41A2-9B1F-CAEE4FE37848}"
EndProject
Project("{FAE04EC0-301F-11D3-BF4B-00C04F79EFBC}") = "Files", "Files\Files.csproj", "{D5057268-2116-42C6-BD5A-CB9493611570}"
EndProject
Project("{FAE04EC0-301F-11D3-BF4B-00C04F79EFBC}") = "SignIn", "SignIn\SignIn.csproj", "{E1533B4F-2B37-4F75-8553-8AD862D4FE8D}"
EndProject
Project("{FAE04EC0-301F-11D3-BF4B-00C04F79EFBC}") = "Entities.Users", "Entities.Users\Entities.Users.csproj", "{FA609284-FA56-4828-9D9F-1C69FB005C56}"
EndProject
Project("{FAE04EC0-301F-11D3-BF4B-00C04F79EFBC}") = "Test", "Test\Test.csproj", "{691E6D6C-4A55-491F-A2A8-FDB21B005CDB}"
EndProject
Project("{FAE04EC0-301F-11D3-BF4B-00C04F79EFBC}") = "ConsoleView", "ConsoleView\ConsoleView.csproj", "{ACFD852A-2C5D-4BDD-9BEF-C8870B54C3C8}"
EndProject
Global
	GlobalSection(SolutionConfigurationPlatforms) = preSolution
		Debug|Any CPU = Debug|Any CPU
		Release|Any CPU = Release|Any CPU
	EndGlobalSection
	GlobalSection(ProjectConfigurationPlatforms) = postSolution
		{4922644D-10C4-443B-8499-4D694F79BC3C}.Debug|Any CPU.ActiveCfg = Debug|Any CPU
		{4922644D-10C4-443B-8499-4D694F79BC3C}.Debug|Any CPU.Build.0 = Debug|Any CPU
		{4922644D-10C4-443B-8499-4D694F79BC3C}.Release|Any CPU.ActiveCfg = Release|Any CPU
		{4922644D-10C4-443B-8499-4D694F79BC3C}.Release|Any CPU.Build.0 = Release|Any CPU
		{BCCC2F4A-64E9-40EB-B325-58B7A82DD100}.Debug|Any CPU.ActiveCfg = Debug|Any CPU
		{BCCC2F4A-64E9-40EB-B325-58B7A82DD100}.Debug|Any CPU.Build.0 = Debug|Any CPU
		{BCCC2F4A-64E9-40EB-B325-58B7A82DD100}.Release|Any CPU.ActiveCfg = Release|Any CPU
		{BCCC2F4A-64E9-40EB-B325-58B7A82DD100}.Release|Any CPU.Build.0 = Release|Any CPU
		{DFDB5C82-7019-41A2-9B1F-CAEE4FE37848}.Debug|Any CPU.ActiveCfg = Debug|Any CPU
		{DFDB5C82-7019-41A2-9B1F-CAEE4FE37848}.Debug|Any CPU.Build.0 = Debug|Any CPU
		{DFDB5C82-7019-41A2-9B1F-CAEE4FE37848}.Release|Any CPU.ActiveCfg = Release|Any CPU
		{DFDB5C82-7019-41A2-9B1F-CAEE4FE37848}.Release|Any CPU.Build.0 = Release|Any CPU
		{D5057268-2116-42C6-BD5A-CB9493611570}.Debug|Any CPU.ActiveCfg = Debug|Any CPU
		{D5057268-2116-42C6-BD5A-CB9493611570}.Debug|Any CPU.Build.0 = Debug|Any CPU
		{D5057268-2116-42C6-BD5A-CB9493611570}.Release|Any CPU.ActiveCfg = Release|Any CPU
		{D5057268-2116-42C6-BD5A-CB9493611570}.Release|Any CPU.Build.0 = Release|Any CPU
		{E1533B4F-2B37-4F75-8553-8AD862D4FE8D}.Debug|Any CPU.ActiveCfg = Debug|Any CPU
		{E1533B4F-2B37-4F75-8553-8AD862D4FE8D}.Debug|Any CPU.Build.0 = Debug|Any CPU
		{E1533B4F-2B37-4F75-8553-8AD862D4FE8D}.Release|Any CPU.ActiveCfg = Release|Any CPU
		{E1533B4F-2B37-4F75-8553-8AD862D4FE8D}.Release|Any CPU.Build.0 = Release|Any CPU
		{FA609284-FA56-4828-9D9F-1C69FB005C56}.Debug|Any CPU.ActiveCfg = Debug|Any CPU
		{FA609284-FA56-4828-9D9F-1C69FB005C56}.Debug|Any CPU.Build.0 = Debug|Any CPU
		{FA609284-FA56-4828-9D9F-1C69FB005C56}.Release|Any CPU.ActiveCfg = Release|Any CPU
		{FA609284-FA56-4828-9D9F-1C69FB005C56}.Release|Any CPU.Build.0 = Release|Any CPU
		{691E6D6C-4A55-491F-A2A8-FDB21B005CDB}.Debug|Any CPU.ActiveCfg = Debug|Any CPU
		{691E6D6C-4A55-491F-A2A8-FDB21B005CDB}.Debug|Any CPU.Build.0 = Debug|Any CPU
		{691E6D6C-4A55-491F-A2A8-FDB21B005CDB}.Release|Any CPU.ActiveCfg = Release|Any CPU
		{691E6D6C-4A55-491F-A2A8-FDB21B005CDB}.Release|Any CPU.Build.0 = Release|Any CPU
		{ACFD852A-2C5D-4BDD-9BEF-C8870B54C3C8}.Debug|Any CPU.ActiveCfg = Debug|Any CPU
		{ACFD852A-2C5D-4BDD-9BEF-C8870B54C3C8}.Debug|Any CPU.Build.0 = Debug|Any CPU
		{ACFD852A-2C5D-4BDD-9BEF-C8870B54C3C8}.Release|Any CPU.ActiveCfg = Release|Any CPU
		{ACFD852A-2C5D-4BDD-9BEF-C8870B54C3C8}.Release|Any CPU.Build.0 = Release|Any CPU
	EndGlobalSection
	GlobalSection(SolutionProperties) = preSolution
		HideSolutionNode = FALSE
	EndGlobalSection
	GlobalSection(ExtensibilityGlobals) = postSolution
		SolutionGuid = {7ADD004E-D491-43EC-8117-CFBFCBC0D02C}
	EndGlobalSection
EndGlobal
